
Microsoft Visual Studio Solution File, Format Version 12.00
# Visual Studio Version 17
VisualStudioVersion = 17.5.33627.172
MinimumVisualStudioVersion = 10.0.40219.1
Project("{FAE04EC0-301F-11D3-BF4B-00C04F79EFBC}") = "Crop_Deal", "Crop_Deal\Crop_Deal.csproj", "{892241DA-80B6-421B-9929-7E0BDFD47F8C}"
EndProject
Global
	GlobalSection(SolutionConfigurationPlatforms) = preSolution
		Debug|Any CPU = Debug|Any CPU
		Release|Any CPU = Release|Any CPU
	EndGlobalSection
	GlobalSection(ProjectConfigurationPlatforms) = postSolution
		{892241DA-80B6-421B-9929-7E0BDFD47F8C}.Debug|Any CPU.ActiveCfg = Debug|Any CPU
		{892241DA-80B6-421B-9929-7E0BDFD47F8C}.Debug|Any CPU.Build.0 = Debug|Any CPU
		{892241DA-80B6-421B-9929-7E0BDFD47F8C}.Release|Any CPU.ActiveCfg = Release|Any CPU
		{892241DA-80B6-421B-9929-7E0BDFD47F8C}.Release|Any CPU.Build.0 = Release|Any CPU
	EndGlobalSection
	GlobalSection(SolutionProperties) = preSolution
		HideSolutionNode = FALSE
	EndGlobalSection
	GlobalSection(ExtensibilityGlobals) = postSolution
		SolutionGuid = {44605852-C3A2-4970-9D8A-9F7E30858397}
	EndGlobalSection
EndGlobal
